// !$*UTF8*$!
{
	archiveVersion = 1;
	classes = {
	};
	objectVersion = 46;
	objects = {

/* Begin PBXBuildFile section */
		8D161AF71B41C896009F557D /* MainEmojiList.swift in Sources */ = {isa = PBXBuildFile; fileRef = 8D161AF61B41C896009F557D /* MainEmojiList.swift */; };
		8D50BA901B41C5CD00DACA0A /* AppDelegate.swift in Sources */ = {isa = PBXBuildFile; fileRef = 8D50BA8F1B41C5CD00DACA0A /* AppDelegate.swift */; };
		8D50BA951B41C5CD00DACA0A /* Main.storyboard in Resources */ = {isa = PBXBuildFile; fileRef = 8D50BA931B41C5CD00DACA0A /* Main.storyboard */; };
		8D50BA971B41C5CD00DACA0A /* Images.xcassets in Resources */ = {isa = PBXBuildFile; fileRef = 8D50BA961B41C5CD00DACA0A /* Images.xcassets */; };
		8D50BA9A1B41C5CD00DACA0A /* LaunchScreen.xib in Resources */ = {isa = PBXBuildFile; fileRef = 8D50BA981B41C5CD00DACA0A /* LaunchScreen.xib */; };
		8D50BAA61B41C5CD00DACA0A /* Emojis__DefinitionTests.swift in Sources */ = {isa = PBXBuildFile; fileRef = 8D50BAA51B41C5CD00DACA0A /* Emojis__DefinitionTests.swift */; };
		8D74202C1CCAED5800C27B02 /* AcousticModelEnglish.bundle in Resources */ = {isa = PBXBuildFile; fileRef = 8D7420291CCAED5800C27B02 /* AcousticModelEnglish.bundle */; };
		8D74202D1CCAED5800C27B02 /* OpenEars.framework in Frameworks */ = {isa = PBXBuildFile; fileRef = 8D74202A1CCAED5800C27B02 /* OpenEars.framework */; };
		8D74202E1CCAED5800C27B02 /* Slt.framework in Frameworks */ = {isa = PBXBuildFile; fileRef = 8D74202B1CCAED5800C27B02 /* Slt.framework */; };
		8D7420301CCAF25900C27B02 /* RapidEarsDemo.framework in Frameworks */ = {isa = PBXBuildFile; fileRef = 8D74202F1CCAF25900C27B02 /* RapidEarsDemo.framework */; };
		8D7420321CCAF46900C27B02 /* RejectoDemo.framework in Frameworks */ = {isa = PBXBuildFile; fileRef = 8D7420311CCAF46900C27B02 /* RejectoDemo.framework */; };
		8D7420341CCAF4D300C27B02 /* RuleORamaDemo.framework in Frameworks */ = {isa = PBXBuildFile; fileRef = 8D7420331CCAF4D300C27B02 /* RuleORamaDemo.framework */; };
		8D7420381CCC354000C27B02 /* AudioToolbox.framework in Frameworks */ = {isa = PBXBuildFile; fileRef = 8D7420361CCC354000C27B02 /* AudioToolbox.framework */; };
		8D7420391CCC354000C27B02 /* AVFoundation.framework in Frameworks */ = {isa = PBXBuildFile; fileRef = 8D7420371CCC354000C27B02 /* AVFoundation.framework */; };
		8D97EE3E1CC06CFA007AD22F /* InitView.swift in Sources */ = {isa = PBXBuildFile; fileRef = 8D97EE3D1CC06CFA007AD22F /* InitView.swift */; };
		8D97EE401CC07218007AD22F /* SettingsView.swift in Sources */ = {isa = PBXBuildFile; fileRef = 8D97EE3F1CC07218007AD22F /* SettingsView.swift */; };
		8DE8FD6F1B47570E006395C5 /* emojiDetailViewController.swift in Sources */ = {isa = PBXBuildFile; fileRef = 8DE8FD6E1B47570E006395C5 /* emojiDetailViewController.swift */; };
/* End PBXBuildFile section */

/* Begin PBXContainerItemProxy section */
		8D50BAA01B41C5CD00DACA0A /* PBXContainerItemProxy */ = {
			isa = PBXContainerItemProxy;
			containerPortal = 8D50BA821B41C5CD00DACA0A /* Project object */;
			proxyType = 1;
			remoteGlobalIDString = 8D50BA891B41C5CD00DACA0A;
			remoteInfo = "Emojis' Definition";
		};
/* End PBXContainerItemProxy section */

/* Begin PBXFileReference section */
		8D161AF61B41C896009F557D /* MainEmojiList.swift */ = {isa = PBXFileReference; fileEncoding = 4; lastKnownFileType = sourcecode.swift; path = MainEmojiList.swift; sourceTree = "<group>"; };
		8D3FB20F1CC0614900901AE7 /* .gitignore.sh */ = {isa = PBXFileReference; lastKnownFileType = text.script.sh; path = .gitignore.sh; sourceTree = "<group>"; };
		8D50BA8A1B41C5CD00DACA0A /* Emojis' Definition.app */ = {isa = PBXFileReference; explicitFileType = wrapper.application; includeInIndex = 0; path = "Emojis' Definition.app"; sourceTree = BUILT_PRODUCTS_DIR; };
		8D50BA8E1B41C5CD00DACA0A /* Info.plist */ = {isa = PBXFileReference; lastKnownFileType = text.plist.xml; path = Info.plist; sourceTree = "<group>"; };
		8D50BA8F1B41C5CD00DACA0A /* AppDelegate.swift */ = {isa = PBXFileReference; lastKnownFileType = sourcecode.swift; path = AppDelegate.swift; sourceTree = "<group>"; };
		8D50BA941B41C5CD00DACA0A /* Base */ = {isa = PBXFileReference; lastKnownFileType = file.storyboard; name = Base; path = Base.lproj/Main.storyboard; sourceTree = "<group>"; };
		8D50BA961B41C5CD00DACA0A /* Images.xcassets */ = {isa = PBXFileReference; lastKnownFileType = folder.assetcatalog; path = Images.xcassets; sourceTree = "<group>"; };
		8D50BA991B41C5CD00DACA0A /* Base */ = {isa = PBXFileReference; lastKnownFileType = file.xib; name = Base; path = Base.lproj/LaunchScreen.xib; sourceTree = "<group>"; };
		8D50BA9F1B41C5CD00DACA0A /* Emojis' DefinitionTests.xctest */ = {isa = PBXFileReference; explicitFileType = wrapper.cfbundle; includeInIndex = 0; path = "Emojis' DefinitionTests.xctest"; sourceTree = BUILT_PRODUCTS_DIR; };
		8D50BAA41B41C5CD00DACA0A /* Info.plist */ = {isa = PBXFileReference; lastKnownFileType = text.plist.xml; path = Info.plist; sourceTree = "<group>"; };
		8D50BAA51B41C5CD00DACA0A /* Emojis__DefinitionTests.swift */ = {isa = PBXFileReference; lastKnownFileType = sourcecode.swift; path = Emojis__DefinitionTests.swift; sourceTree = "<group>"; };
		8D7420291CCAED5800C27B02 /* AcousticModelEnglish.bundle */ = {isa = PBXFileReference; lastKnownFileType = "wrapper.plug-in"; path = AcousticModelEnglish.bundle; sourceTree = "<group>"; };
		8D74202A1CCAED5800C27B02 /* OpenEars.framework */ = {isa = PBXFileReference; lastKnownFileType = wrapper.framework; path = OpenEars.framework; sourceTree = "<group>"; };
		8D74202B1CCAED5800C27B02 /* Slt.framework */ = {isa = PBXFileReference; lastKnownFileType = wrapper.framework; path = Slt.framework; sourceTree = "<group>"; };
		8D74202F1CCAF25900C27B02 /* RapidEarsDemo.framework */ = {isa = PBXFileReference; lastKnownFileType = wrapper.framework; path = RapidEarsDemo.framework; sourceTree = "<group>"; };
		8D7420311CCAF46900C27B02 /* RejectoDemo.framework */ = {isa = PBXFileReference; lastKnownFileType = wrapper.framework; path = RejectoDemo.framework; sourceTree = "<group>"; };
		8D7420331CCAF4D300C27B02 /* RuleORamaDemo.framework */ = {isa = PBXFileReference; lastKnownFileType = wrapper.framework; path = RuleORamaDemo.framework; sourceTree = "<group>"; };
		8D7420351CCBF6EE00C27B02 /* BridgingHeaderCtoSwift.h */ = {isa = PBXFileReference; lastKnownFileType = sourcecode.c.h; path = BridgingHeaderCtoSwift.h; sourceTree = "<group>"; };
		8D7420361CCC354000C27B02 /* AudioToolbox.framework */ = {isa = PBXFileReference; lastKnownFileType = wrapper.framework; name = AudioToolbox.framework; path = System/Library/Frameworks/AudioToolbox.framework; sourceTree = SDKROOT; };
		8D7420371CCC354000C27B02 /* AVFoundation.framework */ = {isa = PBXFileReference; lastKnownFileType = wrapper.framework; name = AVFoundation.framework; path = System/Library/Frameworks/AVFoundation.framework; sourceTree = SDKROOT; };
		8D97EE3D1CC06CFA007AD22F /* InitView.swift */ = {isa = PBXFileReference; fileEncoding = 4; lastKnownFileType = sourcecode.swift; path = InitView.swift; sourceTree = "<group>"; };
		8D97EE3F1CC07218007AD22F /* SettingsView.swift */ = {isa = PBXFileReference; fileEncoding = 4; lastKnownFileType = sourcecode.swift; path = SettingsView.swift; sourceTree = "<group>"; };
		8DE8FD6E1B47570E006395C5 /* emojiDetailViewController.swift */ = {isa = PBXFileReference; fileEncoding = 4; lastKnownFileType = sourcecode.swift; path = emojiDetailViewController.swift; sourceTree = "<group>"; };
/* End PBXFileReference section */

/* Begin PBXFrameworksBuildPhase section */
		8D50BA871B41C5CD00DACA0A /* Frameworks */ = {
			isa = PBXFrameworksBuildPhase;
			buildActionMask = 2147483647;
			files = (
				8D7420381CCC354000C27B02 /* AudioToolbox.framework in Frameworks */,
				8D7420391CCC354000C27B02 /* AVFoundation.framework in Frameworks */,
				8D74202E1CCAED5800C27B02 /* Slt.framework in Frameworks */,
				8D7420341CCAF4D300C27B02 /* RuleORamaDemo.framework in Frameworks */,
				8D7420301CCAF25900C27B02 /* RapidEarsDemo.framework in Frameworks */,
				8D7420321CCAF46900C27B02 /* RejectoDemo.framework in Frameworks */,
				8D74202D1CCAED5800C27B02 /* OpenEars.framework in Frameworks */,
			);
			runOnlyForDeploymentPostprocessing = 0;
		};
		8D50BA9C1B41C5CD00DACA0A /* Frameworks */ = {
			isa = PBXFrameworksBuildPhase;
			buildActionMask = 2147483647;
			files = (
			);
			runOnlyForDeploymentPostprocessing = 0;
		};
/* End PBXFrameworksBuildPhase section */

/* Begin PBXGroup section */
		8D50BA811B41C5CD00DACA0A = {
			isa = PBXGroup;
			children = (
				8D7420361CCC354000C27B02 /* AudioToolbox.framework */,
				8D7420371CCC354000C27B02 /* AVFoundation.framework */,
				8D3FB20F1CC0614900901AE7 /* .gitignore.sh */,
				8D74202F1CCAF25900C27B02 /* RapidEarsDemo.framework */,
				8D7420331CCAF4D300C27B02 /* RuleORamaDemo.framework */,
				8D7420311CCAF46900C27B02 /* RejectoDemo.framework */,
				8D7420281CCAED5800C27B02 /* Framework */,
				8D50BA8C1B41C5CD00DACA0A /* Emojis' Definition */,
				8D50BAA21B41C5CD00DACA0A /* Emojis' DefinitionTests */,
				8D50BA8B1B41C5CD00DACA0A /* Products */,
			);
			sourceTree = "<group>";
		};
		8D50BA8B1B41C5CD00DACA0A /* Products */ = {
			isa = PBXGroup;
			children = (
				8D50BA8A1B41C5CD00DACA0A /* Emojis' Definition.app */,
				8D50BA9F1B41C5CD00DACA0A /* Emojis' DefinitionTests.xctest */,
			);
			name = Products;
			sourceTree = "<group>";
		};
		8D50BA8C1B41C5CD00DACA0A /* Emojis' Definition */ = {
			isa = PBXGroup;
			children = (
				8D7420351CCBF6EE00C27B02 /* BridgingHeaderCtoSwift.h */,
				8D50BA8F1B41C5CD00DACA0A /* AppDelegate.swift */,
				8D50BA931B41C5CD00DACA0A /* Main.storyboard */,
				8D97EE3F1CC07218007AD22F /* SettingsView.swift */,
				8D161AF61B41C896009F557D /* MainEmojiList.swift */,
				8DE8FD6E1B47570E006395C5 /* emojiDetailViewController.swift */,
				8D97EE3D1CC06CFA007AD22F /* InitView.swift */,
				8D50BA961B41C5CD00DACA0A /* Images.xcassets */,
				8D50BA981B41C5CD00DACA0A /* LaunchScreen.xib */,
				8D50BA8D1B41C5CD00DACA0A /* Supporting Files */,
			);
			path = "Emojis' Definition";
			sourceTree = "<group>";
		};
		8D50BA8D1B41C5CD00DACA0A /* Supporting Files */ = {
			isa = PBXGroup;
			children = (
				8D50BA8E1B41C5CD00DACA0A /* Info.plist */,
			);
			name = "Supporting Files";
			sourceTree = "<group>";
		};
		8D50BAA21B41C5CD00DACA0A /* Emojis' DefinitionTests */ = {
			isa = PBXGroup;
			children = (
				8D50BAA51B41C5CD00DACA0A /* Emojis__DefinitionTests.swift */,
				8D50BAA31B41C5CD00DACA0A /* Supporting Files */,
			);
			path = "Emojis' DefinitionTests";
			sourceTree = "<group>";
		};
		8D50BAA31B41C5CD00DACA0A /* Supporting Files */ = {
			isa = PBXGroup;
			children = (
				8D50BAA41B41C5CD00DACA0A /* Info.plist */,
			);
			name = "Supporting Files";
			sourceTree = "<group>";
		};
		8D7420281CCAED5800C27B02 /* Framework */ = {
			isa = PBXGroup;
			children = (
				8D7420291CCAED5800C27B02 /* AcousticModelEnglish.bundle */,
				8D74202A1CCAED5800C27B02 /* OpenEars.framework */,
				8D74202B1CCAED5800C27B02 /* Slt.framework */,
			);
			path = Framework;
			sourceTree = "<group>";
		};
/* End PBXGroup section */

/* Begin PBXNativeTarget section */
		8D50BA891B41C5CD00DACA0A /* Emojis' Definition */ = {
			isa = PBXNativeTarget;
			buildConfigurationList = 8D50BAA91B41C5CD00DACA0A /* Build configuration list for PBXNativeTarget "Emojis' Definition" */;
			buildPhases = (
				8D50BA861B41C5CD00DACA0A /* Sources */,
				8D50BA871B41C5CD00DACA0A /* Frameworks */,
				8D50BA881B41C5CD00DACA0A /* Resources */,
			);
			buildRules = (
			);
			dependencies = (
			);
			name = "Emojis' Definition";
			productName = "Emojis' Definition";
			productReference = 8D50BA8A1B41C5CD00DACA0A /* Emojis' Definition.app */;
			productType = "com.apple.product-type.application";
		};
		8D50BA9E1B41C5CD00DACA0A /* Emojis' DefinitionTests */ = {
			isa = PBXNativeTarget;
			buildConfigurationList = 8D50BAAC1B41C5CD00DACA0A /* Build configuration list for PBXNativeTarget "Emojis' DefinitionTests" */;
			buildPhases = (
				8D50BA9B1B41C5CD00DACA0A /* Sources */,
				8D50BA9C1B41C5CD00DACA0A /* Frameworks */,
				8D50BA9D1B41C5CD00DACA0A /* Resources */,
			);
			buildRules = (
			);
			dependencies = (
				8D50BAA11B41C5CD00DACA0A /* PBXTargetDependency */,
			);
			name = "Emojis' DefinitionTests";
			productName = "Emojis' DefinitionTests";
			productReference = 8D50BA9F1B41C5CD00DACA0A /* Emojis' DefinitionTests.xctest */;
			productType = "com.apple.product-type.bundle.unit-test";
		};
/* End PBXNativeTarget section */

/* Begin PBXProject section */
		8D50BA821B41C5CD00DACA0A /* Project object */ = {
			isa = PBXProject;
			attributes = {
				LastSwiftUpdateCheck = 0720;
				LastUpgradeCheck = 0630;
				ORGANIZATIONNAME = "Tomas Aviles";
				TargetAttributes = {
					8D50BA891B41C5CD00DACA0A = {
						CreatedOnToolsVersion = 6.3.2;
					};
					8D50BA9E1B41C5CD00DACA0A = {
						CreatedOnToolsVersion = 6.3.2;
						TestTargetID = 8D50BA891B41C5CD00DACA0A;
					};
				};
			};
			buildConfigurationList = 8D50BA851B41C5CD00DACA0A /* Build configuration list for PBXProject "Emojis' Definition" */;
			compatibilityVersion = "Xcode 3.2";
			developmentRegion = English;
			hasScannedForEncodings = 0;
			knownRegions = (
				en,
				Base,
			);
			mainGroup = 8D50BA811B41C5CD00DACA0A;
			productRefGroup = 8D50BA8B1B41C5CD00DACA0A /* Products */;
			projectDirPath = "";
			projectRoot = "";
			targets = (
				8D50BA891B41C5CD00DACA0A /* Emojis' Definition */,
				8D50BA9E1B41C5CD00DACA0A /* Emojis' DefinitionTests */,
			);
		};
/* End PBXProject section */

/* Begin PBXResourcesBuildPhase section */
		8D50BA881B41C5CD00DACA0A /* Resources */ = {
			isa = PBXResourcesBuildPhase;
			buildActionMask = 2147483647;
			files = (
				8D50BA951B41C5CD00DACA0A /* Main.storyboard in Resources */,
				8D74202C1CCAED5800C27B02 /* AcousticModelEnglish.bundle in Resources */,
				8D50BA9A1B41C5CD00DACA0A /* LaunchScreen.xib in Resources */,
				8D50BA971B41C5CD00DACA0A /* Images.xcassets in Resources */,
			);
			runOnlyForDeploymentPostprocessing = 0;
		};
		8D50BA9D1B41C5CD00DACA0A /* Resources */ = {
			isa = PBXResourcesBuildPhase;
			buildActionMask = 2147483647;
			files = (
			);
			runOnlyForDeploymentPostprocessing = 0;
		};
/* End PBXResourcesBuildPhase section */

/* Begin PBXSourcesBuildPhase section */
		8D50BA861B41C5CD00DACA0A /* Sources */ = {
			isa = PBXSourcesBuildPhase;
			buildActionMask = 2147483647;
			files = (
				8D97EE401CC07218007AD22F /* SettingsView.swift in Sources */,
				8D97EE3E1CC06CFA007AD22F /* InitView.swift in Sources */,
				8D50BA901B41C5CD00DACA0A /* AppDelegate.swift in Sources */,
				8DE8FD6F1B47570E006395C5 /* emojiDetailViewController.swift in Sources */,
				8D161AF71B41C896009F557D /* MainEmojiList.swift in Sources */,
			);
			runOnlyForDeploymentPostprocessing = 0;
		};
		8D50BA9B1B41C5CD00DACA0A /* Sources */ = {
			isa = PBXSourcesBuildPhase;
			buildActionMask = 2147483647;
			files = (
				8D50BAA61B41C5CD00DACA0A /* Emojis__DefinitionTests.swift in Sources */,
			);
			runOnlyForDeploymentPostprocessing = 0;
		};
/* End PBXSourcesBuildPhase section */

/* Begin PBXTargetDependency section */
		8D50BAA11B41C5CD00DACA0A /* PBXTargetDependency */ = {
			isa = PBXTargetDependency;
			target = 8D50BA891B41C5CD00DACA0A /* Emojis' Definition */;
			targetProxy = 8D50BAA01B41C5CD00DACA0A /* PBXContainerItemProxy */;
		};
/* End PBXTargetDependency section */

/* Begin PBXVariantGroup section */
		8D50BA931B41C5CD00DACA0A /* Main.storyboard */ = {
			isa = PBXVariantGroup;
			children = (
				8D50BA941B41C5CD00DACA0A /* Base */,
			);
			name = Main.storyboard;
			sourceTree = "<group>";
		};
		8D50BA981B41C5CD00DACA0A /* LaunchScreen.xib */ = {
			isa = PBXVariantGroup;
			children = (
				8D50BA991B41C5CD00DACA0A /* Base */,
			);
			name = LaunchScreen.xib;
			sourceTree = "<group>";
		};
/* End PBXVariantGroup section */

/* Begin XCBuildConfiguration section */
		8D50BAA71B41C5CD00DACA0A /* Debug */ = {
			isa = XCBuildConfiguration;
			buildSettings = {
				ALWAYS_SEARCH_USER_PATHS = NO;
				CLANG_CXX_LANGUAGE_STANDARD = "gnu++0x";
				CLANG_CXX_LIBRARY = "libc++";
				CLANG_ENABLE_MODULES = YES;
				CLANG_ENABLE_OBJC_ARC = YES;
				CLANG_WARN_BOOL_CONVERSION = YES;
				CLANG_WARN_CONSTANT_CONVERSION = YES;
				CLANG_WARN_DIRECT_OBJC_ISA_USAGE = YES_ERROR;
				CLANG_WARN_EMPTY_BODY = YES;
				CLANG_WARN_ENUM_CONVERSION = YES;
				CLANG_WARN_INT_CONVERSION = YES;
				CLANG_WARN_OBJC_ROOT_CLASS = YES_ERROR;
				CLANG_WARN_UNREACHABLE_CODE = YES;
				CLANG_WARN__DUPLICATE_METHOD_MATCH = YES;
				"CODE_SIGN_IDENTITY[sdk=iphoneos*]" = "iPhone Developer";
				COPY_PHASE_STRIP = NO;
				DEBUG_INFORMATION_FORMAT = "dwarf-with-dsym";
				ENABLE_STRICT_OBJC_MSGSEND = YES;
				GCC_C_LANGUAGE_STANDARD = gnu99;
				GCC_DYNAMIC_NO_PIC = NO;
				GCC_NO_COMMON_BLOCKS = YES;
				GCC_OPTIMIZATION_LEVEL = 0;
				GCC_PREPROCESSOR_DEFINITIONS = (
					"DEBUG=1",
					"$(inherited)",
				);
				GCC_SYMBOLS_PRIVATE_EXTERN = NO;
				GCC_WARN_64_TO_32_BIT_CONVERSION = YES;
				GCC_WARN_ABOUT_RETURN_TYPE = YES_ERROR;
				GCC_WARN_UNDECLARED_SELECTOR = YES;
				GCC_WARN_UNINITIALIZED_AUTOS = YES_AGGRESSIVE;
				GCC_WARN_UNUSED_FUNCTION = YES;
				GCC_WARN_UNUSED_VARIABLE = YES;
				IPHONEOS_DEPLOYMENT_TARGET = 8.3;
				MTL_ENABLE_DEBUG_INFO = YES;
				ONLY_ACTIVE_ARCH = YES;
				SDKROOT = iphoneos;
				SWIFT_OPTIMIZATION_LEVEL = "-Onone";
				TARGETED_DEVICE_FAMILY = "1,2";
			};
			name = Debug;
		};
		8D50BAA81B41C5CD00DACA0A /* Release */ = {
			isa = XCBuildConfiguration;
			buildSettings = {
				ALWAYS_SEARCH_USER_PATHS = NO;
				CLANG_CXX_LANGUAGE_STANDARD = "gnu++0x";
				CLANG_CXX_LIBRARY = "libc++";
				CLANG_ENABLE_MODULES = YES;
				CLANG_ENABLE_OBJC_ARC = YES;
				CLANG_WARN_BOOL_CONVERSION = YES;
				CLANG_WARN_CONSTANT_CONVERSION = YES;
				CLANG_WARN_DIRECT_OBJC_ISA_USAGE = YES_ERROR;
				CLANG_WARN_EMPTY_BODY = YES;
				CLANG_WARN_ENUM_CONVERSION = YES;
				CLANG_WARN_INT_CONVERSION = YES;
				CLANG_WARN_OBJC_ROOT_CLASS = YES_ERROR;
				CLANG_WARN_UNREACHABLE_CODE = YES;
				CLANG_WARN__DUPLICATE_METHOD_MATCH = YES;
				"CODE_SIGN_IDENTITY[sdk=iphoneos*]" = "iPhone Developer";
				COPY_PHASE_STRIP = NO;
				DEBUG_INFORMATION_FORMAT = "dwarf-with-dsym";
				ENABLE_NS_ASSERTIONS = NO;
				ENABLE_STRICT_OBJC_MSGSEND = YES;
				GCC_C_LANGUAGE_STANDARD = gnu99;
				GCC_NO_COMMON_BLOCKS = YES;
				GCC_WARN_64_TO_32_BIT_CONVERSION = YES;
				GCC_WARN_ABOUT_RETURN_TYPE = YES_ERROR;
				GCC_WARN_UNDECLARED_SELECTOR = YES;
				GCC_WARN_UNINITIALIZED_AUTOS = YES_AGGRESSIVE;
				GCC_WARN_UNUSED_FUNCTION = YES;
				GCC_WARN_UNUSED_VARIABLE = YES;
				IPHONEOS_DEPLOYMENT_TARGET = 8.3;
				MTL_ENABLE_DEBUG_INFO = NO;
				SDKROOT = iphoneos;
				TARGETED_DEVICE_FAMILY = "1,2";
				VALIDATE_PRODUCT = YES;
			};
			name = Release;
		};
		8D50BAAA1B41C5CD00DACA0A /* Debug */ = {
			isa = XCBuildConfiguration;
			buildSettings = {
				ASSETCATALOG_COMPILER_APPICON_NAME = AppIcon;
				DEPLOYMENT_POSTPROCESSING = YES;
				FRAMEWORK_SEARCH_PATHS = (
					"$(inherited)",
					"$(PROJECT_DIR)/Framework",
					"$(PROJECT_DIR)",
				);
				INFOPLIST_FILE = "Emojis' Definition/Info.plist";
				IPHONEOS_DEPLOYMENT_TARGET = 9.2;
				LD_RUNPATH_SEARCH_PATHS = "$(inherited) @executable_path/Frameworks";
				OTHER_LDFLAGS = "-ObjC";
				PRODUCT_NAME = "$(TARGET_NAME)";
				SWIFT_OBJC_BRIDGING_HEADER = "/Users/Lover/Desktop/School/Udemy Apps/Emojis' Definition/Emojis' Definition/BridgingHeaderCtoSwift.h";
			};
			name = Debug;
		};
		8D50BAAB1B41C5CD00DACA0A /* Release */ = {
			isa = XCBuildConfiguration;
			buildSettings = {
				ASSETCATALOG_COMPILER_APPICON_NAME = AppIcon;
				DEPLOYMENT_POSTPROCESSING = YES;
				FRAMEWORK_SEARCH_PATHS = (
					"$(inherited)",
					"$(PROJECT_DIR)/Framework",
					"$(PROJECT_DIR)",
				);
				INFOPLIST_FILE = "Emojis' Definition/Info.plist";
				IPHONEOS_DEPLOYMENT_TARGET = 9.2;
				LD_RUNPATH_SEARCH_PATHS = "$(inherited) @executable_path/Frameworks";
				OTHER_LDFLAGS = "-ObjC";
				PRODUCT_NAME = "$(TARGET_NAME)";
				SWIFT_OBJC_BRIDGING_HEADER = "/Users/Lover/Desktop/School/Udemy Apps/Emojis' Definition/Emojis' Definition/BridgingHeaderCtoSwift.h";
			};
			name = Release;
		};
		8D50BAAD1B41C5CD00DACA0A /* Debug */ = {
			isa = XCBuildConfiguration;
			buildSettings = {
				BUNDLE_LOADER = "$(TEST_HOST)";
				FRAMEWORK_SEARCH_PATHS = (
					"$(SDKROOT)/Developer/Library/Frameworks",
					"$(inherited)",
				);
				GCC_PREPROCESSOR_DEFINITIONS = (
					"DEBUG=1",
					"$(inherited)",
				);
				INFOPLIST_FILE = "Emojis' DefinitionTests/Info.plist";
				LD_RUNPATH_SEARCH_PATHS = "$(inherited) @executable_path/Frameworks @loader_path/Frameworks";
				PRODUCT_NAME = "$(TARGET_NAME)";
				TEST_HOST = "$(BUILT_PRODUCTS_DIR)/Emojis' Definition.app/Emojis' Definition";
			};
			name = Debug;
		};
		8D50BAAE1B41C5CD00DACA0A /* Release */ = {
			isa = XCBuildConfiguration;
			buildSettings = {
				BUNDLE_LOADER = "$(TEST_HOST)";
				FRAMEWORK_SEARCH_PATHS = (
					"$(SDKROOT)/Developer/Library/Frameworks",
					"$(inherited)",
				);
				INFOPLIST_FILE = "Emojis' DefinitionTests/Info.plist";
				LD_RUNPATH_SEARCH_PATHS = "$(inherited) @executable_path/Frameworks @loader_path/Frameworks";
				PRODUCT_NAME = "$(TARGET_NAME)";
				TEST_HOST = "$(BUILT_PRODUCTS_DIR)/Emojis' Definition.app/Emojis' Definition";
			};
			name = Release;
		};
/* End XCBuildConfiguration section */

/* Begin XCConfigurationList section */
		8D50BA851B41C5CD00DACA0A /* Build configuration list for PBXProject "Emojis' Definition" */ = {
			isa = XCConfigurationList;
			buildConfigurations = (
				8D50BAA71B41C5CD00DACA0A /* Debug */,
				8D50BAA81B41C5CD00DACA0A /* Release */,
			);
			defaultConfigurationIsVisible = 0;
			defaultConfigurationName = Release;
		};
		8D50BAA91B41C5CD00DACA0A /* Build configuration list for PBXNativeTarget "Emojis' Definition" */ = {
			isa = XCConfigurationList;
			buildConfigurations = (
				8D50BAAA1B41C5CD00DACA0A /* Debug */,
				8D50BAAB1B41C5CD00DACA0A /* Release */,
			);
			defaultConfigurationIsVisible = 0;
			defaultConfigurationName = Release;
		};
		8D50BAAC1B41C5CD00DACA0A /* Build configuration list for PBXNativeTarget "Emojis' DefinitionTests" */ = {
			isa = XCConfigurationList;
			buildConfigurations = (
				8D50BAAD1B41C5CD00DACA0A /* Debug */,
				8D50BAAE1B41C5CD00DACA0A /* Release */,
			);
			defaultConfigurationIsVisible = 0;
			defaultConfigurationName = Release;
		};
/* End XCConfigurationList section */
	};
	rootObject = 8D50BA821B41C5CD00DACA0A /* Project object */;
}
